// !$*UTF8*$!
{
	archiveVersion = 1;
	classes = {
	};
	objectVersion = 46;
	objects = {

/* Begin PBXBuildFile section */
		4CBE935014CF29A100BF443D /* JSON.h in Headers */ = {isa = PBXBuildFile; fileRef = 4CBE934314CF29A100BF443D /* JSON.h */; settings = {ATTRIBUTES = (Public, ); }; };
		4CBE935114CF29A100BF443D /* NSObject+SBJSON.h in Headers */ = {isa = PBXBuildFile; fileRef = 4CBE934414CF29A100BF443D /* NSObject+SBJSON.h */; settings = {ATTRIBUTES = (Public, ); }; };
		4CBE935214CF29A100BF443D /* NSObject+SBJSON.m in Sources */ = {isa = PBXBuildFile; fileRef = 4CBE934514CF29A100BF443D /* NSObject+SBJSON.m */; };
		4CBE935314CF29A100BF443D /* NSString+SBJSON.h in Headers */ = {isa = PBXBuildFile; fileRef = 4CBE934614CF29A100BF443D /* NSString+SBJSON.h */; settings = {ATTRIBUTES = (Public, ); }; };
		4CBE935414CF29A100BF443D /* NSString+SBJSON.m in Sources */ = {isa = PBXBuildFile; fileRef = 4CBE934714CF29A100BF443D /* NSString+SBJSON.m */; };
		4CBE935514CF29A100BF443D /* SBJSON.h in Headers */ = {isa = PBXBuildFile; fileRef = 4CBE934814CF29A100BF443D /* SBJSON.h */; settings = {ATTRIBUTES = (Public, ); }; };
		4CBE935614CF29A100BF443D /* SBJSON.m in Sources */ = {isa = PBXBuildFile; fileRef = 4CBE934914CF29A100BF443D /* SBJSON.m */; };
		4CBE935714CF29A100BF443D /* SBJsonBase.h in Headers */ = {isa = PBXBuildFile; fileRef = 4CBE934A14CF29A100BF443D /* SBJsonBase.h */; settings = {ATTRIBUTES = (Public, ); }; };
		4CBE935814CF29A100BF443D /* SBJsonBase.m in Sources */ = {isa = PBXBuildFile; fileRef = 4CBE934B14CF29A100BF443D /* SBJsonBase.m */; };
		4CBE935914CF29A100BF443D /* SBJsonParser.h in Headers */ = {isa = PBXBuildFile; fileRef = 4CBE934C14CF29A100BF443D /* SBJsonParser.h */; settings = {ATTRIBUTES = (Public, ); }; };
		4CBE935A14CF29A100BF443D /* SBJsonParser.m in Sources */ = {isa = PBXBuildFile; fileRef = 4CBE934D14CF29A100BF443D /* SBJsonParser.m */; };
		4CBE935B14CF29A100BF443D /* SBJsonWriter.h in Headers */ = {isa = PBXBuildFile; fileRef = 4CBE934E14CF29A100BF443D /* SBJsonWriter.h */; settings = {ATTRIBUTES = (Public, ); }; };
		4CBE935C14CF29A100BF443D /* SBJsonWriter.m in Sources */ = {isa = PBXBuildFile; fileRef = 4CBE934F14CF29A100BF443D /* SBJsonWriter.m */; };
		BB9250FD14CD959C00D95101 /* Foundation.framework in Frameworks */ = {isa = PBXBuildFile; fileRef = AACBBE490F95108600F1A2B1 /* Foundation.framework */; };
		BBF0278C14D2F56100E67053 /* Foundation.framework in Frameworks */ = {isa = PBXBuildFile; fileRef = AACBBE490F95108600F1A2B1 /* Foundation.framework */; };
		BBF0279214D2F56100E67053 /* Facebook.m in Sources */ = {isa = PBXBuildFile; fileRef = BBF0279114D2F56100E67053 /* Facebook.m */; };
		BBF0279F14D2F5CB00E67053 /* FBConnect.h in Headers */ = {isa = PBXBuildFile; fileRef = BBF0279714D2F5CB00E67053 /* FBConnect.h */; settings = {ATTRIBUTES = (Public, ); }; };
		BBF027A014D2F5CB00E67053 /* FBDialog.h in Headers */ = {isa = PBXBuildFile; fileRef = BBF0279914D2F5CB00E67053 /* FBDialog.h */; settings = {ATTRIBUTES = (Public, ); }; };
		BBF027A114D2F5CB00E67053 /* FBDialog.m in Sources */ = {isa = PBXBuildFile; fileRef = BBF0279A14D2F5CB00E67053 /* FBDialog.m */; };
		BBF027A214D2F5CB00E67053 /* FBLoginDialog.h in Headers */ = {isa = PBXBuildFile; fileRef = BBF0279B14D2F5CB00E67053 /* FBLoginDialog.h */; settings = {ATTRIBUTES = (Public, ); }; };
		BBF027A314D2F5CB00E67053 /* FBLoginDialog.m in Sources */ = {isa = PBXBuildFile; fileRef = BBF0279C14D2F5CB00E67053 /* FBLoginDialog.m */; };
		BBF027A414D2F5CB00E67053 /* FBRequest.h in Headers */ = {isa = PBXBuildFile; fileRef = BBF0279D14D2F5CB00E67053 /* FBRequest.h */; settings = {ATTRIBUTES = (Public, ); }; };
		BBF027A514D2F5CB00E67053 /* FBRequest.m in Sources */ = {isa = PBXBuildFile; fileRef = BBF0279E14D2F5CB00E67053 /* FBRequest.m */; };
		BBF027AE14D2F88D00E67053 /* Facebook.h in Headers */ = {isa = PBXBuildFile; fileRef = BBF0279014D2F56100E67053 /* Facebook.h */; settings = {ATTRIBUTES = (Public, ); }; };
		BBF027B114D2F91A00E67053 /* libSBJson.a in Frameworks */ = {isa = PBXBuildFile; fileRef = BB9250FC14CD959C00D95101 /* libSBJson.a */; };
/* End PBXBuildFile section */

/* Begin PBXContainerItemProxy section */
		BBF027A614D2F5EB00E67053 /* PBXContainerItemProxy */ = {
			isa = PBXContainerItemProxy;
			containerPortal = 0867D690FE84028FC02AAC07 /* Project object */;
			proxyType = 1;
			remoteGlobalIDString = BB9250FB14CD959C00D95101;
			remoteInfo = SBJson;
		};
/* End PBXContainerItemProxy section */

/* Begin PBXFileReference section */
		4CBE934314CF29A100BF443D /* JSON.h */ = {isa = PBXFileReference; fileEncoding = 4; lastKnownFileType = sourcecode.c.h; path = JSON.h; sourceTree = "<group>"; };
		4CBE934414CF29A100BF443D /* NSObject+SBJSON.h */ = {isa = PBXFileReference; fileEncoding = 4; lastKnownFileType = sourcecode.c.h; path = "NSObject+SBJSON.h"; sourceTree = "<group>"; };
		4CBE934514CF29A100BF443D /* NSObject+SBJSON.m */ = {isa = PBXFileReference; fileEncoding = 4; lastKnownFileType = sourcecode.c.objc; path = "NSObject+SBJSON.m"; sourceTree = "<group>"; };
		4CBE934614CF29A100BF443D /* NSString+SBJSON.h */ = {isa = PBXFileReference; fileEncoding = 4; lastKnownFileType = sourcecode.c.h; path = "NSString+SBJSON.h"; sourceTree = "<group>"; };
		4CBE934714CF29A100BF443D /* NSString+SBJSON.m */ = {isa = PBXFileReference; fileEncoding = 4; lastKnownFileType = sourcecode.c.objc; path = "NSString+SBJSON.m"; sourceTree = "<group>"; };
		4CBE934814CF29A100BF443D /* SBJSON.h */ = {isa = PBXFileReference; fileEncoding = 4; lastKnownFileType = sourcecode.c.h; path = SBJSON.h; sourceTree = "<group>"; };
		4CBE934914CF29A100BF443D /* SBJSON.m */ = {isa = PBXFileReference; fileEncoding = 4; lastKnownFileType = sourcecode.c.objc; path = SBJSON.m; sourceTree = "<group>"; };
		4CBE934A14CF29A100BF443D /* SBJsonBase.h */ = {isa = PBXFileReference; fileEncoding = 4; lastKnownFileType = sourcecode.c.h; path = SBJsonBase.h; sourceTree = "<group>"; };
		4CBE934B14CF29A100BF443D /* SBJsonBase.m */ = {isa = PBXFileReference; fileEncoding = 4; lastKnownFileType = sourcecode.c.objc; path = SBJsonBase.m; sourceTree = "<group>"; };
		4CBE934C14CF29A100BF443D /* SBJsonParser.h */ = {isa = PBXFileReference; fileEncoding = 4; lastKnownFileType = sourcecode.c.h; path = SBJsonParser.h; sourceTree = "<group>"; };
		4CBE934D14CF29A100BF443D /* SBJsonParser.m */ = {isa = PBXFileReference; fileEncoding = 4; lastKnownFileType = sourcecode.c.objc; path = SBJsonParser.m; sourceTree = "<group>"; };
		4CBE934E14CF29A100BF443D /* SBJsonWriter.h */ = {isa = PBXFileReference; fileEncoding = 4; lastKnownFileType = sourcecode.c.h; path = SBJsonWriter.h; sourceTree = "<group>"; };
		4CBE934F14CF29A100BF443D /* SBJsonWriter.m */ = {isa = PBXFileReference; fileEncoding = 4; lastKnownFileType = sourcecode.c.objc; path = SBJsonWriter.m; sourceTree = "<group>"; };
		AACBBE490F95108600F1A2B1 /* Foundation.framework */ = {isa = PBXFileReference; lastKnownFileType = wrapper.framework; name = Foundation.framework; path = System/Library/Frameworks/Foundation.framework; sourceTree = SDKROOT; };
		BB9250FC14CD959C00D95101 /* libSBJson.a */ = {isa = PBXFileReference; explicitFileType = archive.ar; includeInIndex = 0; path = libSBJson.a; sourceTree = BUILT_PRODUCTS_DIR; };
		BBF0278B14D2F56100E67053 /* libFacebook.a */ = {isa = PBXFileReference; explicitFileType = archive.ar; includeInIndex = 0; path = libFacebook.a; sourceTree = BUILT_PRODUCTS_DIR; };
		BBF0279014D2F56100E67053 /* Facebook.h */ = {isa = PBXFileReference; lastKnownFileType = sourcecode.c.h; path = Facebook.h; sourceTree = "<group>"; };
		BBF0279114D2F56100E67053 /* Facebook.m */ = {isa = PBXFileReference; lastKnownFileType = sourcecode.c.objc; path = Facebook.m; sourceTree = "<group>"; };
		BBF0279714D2F5CB00E67053 /* FBConnect.h */ = {isa = PBXFileReference; fileEncoding = 4; lastKnownFileType = sourcecode.c.h; path = FBConnect.h; sourceTree = "<group>"; };
		BBF0279814D2F5CB00E67053 /* FBDialog.bundle */ = {isa = PBXFileReference; lastKnownFileType = "wrapper.plug-in"; path = FBDialog.bundle; sourceTree = "<group>"; };
		BBF0279914D2F5CB00E67053 /* FBDialog.h */ = {isa = PBXFileReference; fileEncoding = 4; lastKnownFileType = sourcecode.c.h; path = FBDialog.h; sourceTree = "<group>"; };
		BBF0279A14D2F5CB00E67053 /* FBDialog.m */ = {isa = PBXFileReference; fileEncoding = 4; lastKnownFileType = sourcecode.c.objc; path = FBDialog.m; sourceTree = "<group>"; };
		BBF0279B14D2F5CB00E67053 /* FBLoginDialog.h */ = {isa = PBXFileReference; fileEncoding = 4; lastKnownFileType = sourcecode.c.h; path = FBLoginDialog.h; sourceTree = "<group>"; };
		BBF0279C14D2F5CB00E67053 /* FBLoginDialog.m */ = {isa = PBXFileReference; fileEncoding = 4; lastKnownFileType = sourcecode.c.objc; path = FBLoginDialog.m; sourceTree = "<group>"; };
		BBF0279D14D2F5CB00E67053 /* FBRequest.h */ = {isa = PBXFileReference; fileEncoding = 4; lastKnownFileType = sourcecode.c.h; path = FBRequest.h; sourceTree = "<group>"; };
		BBF0279E14D2F5CB00E67053 /* FBRequest.m */ = {isa = PBXFileReference; fileEncoding = 4; lastKnownFileType = sourcecode.c.objc; path = FBRequest.m; sourceTree = "<group>"; };
/* End PBXFileReference section */

/* Begin PBXFrameworksBuildPhase section */
		BB9250F914CD959C00D95101 /* Frameworks */ = {
			isa = PBXFrameworksBuildPhase;
			buildActionMask = 2147483647;
			files = (
				BB9250FD14CD959C00D95101 /* Foundation.framework in Frameworks */,
			);
			runOnlyForDeploymentPostprocessing = 0;
		};
		BBF0278814D2F56100E67053 /* Frameworks */ = {
			isa = PBXFrameworksBuildPhase;
			buildActionMask = 2147483647;
			files = (
				BBF027B114D2F91A00E67053 /* libSBJson.a in Frameworks */,
				BBF0278C14D2F56100E67053 /* Foundation.framework in Frameworks */,
			);
			runOnlyForDeploymentPostprocessing = 0;
		};
/* End PBXFrameworksBuildPhase section */

/* Begin PBXGroup section */
		034768DFFF38A50411DB9C8B /* Products */ = {
			isa = PBXGroup;
			children = (
				BB9250FC14CD959C00D95101 /* libSBJson.a */,
				BBF0278B14D2F56100E67053 /* libFacebook.a */,
			);
			name = Products;
			sourceTree = "<group>";
		};
		0867D691FE84028FC02AAC07 /* facebook-ios-sdk */ = {
			isa = PBXGroup;
			children = (
				BB9250FE14CD959C00D95101 /* SBJson */,
				BBF0278D14D2F56100E67053 /* Facebook */,
				0867D69AFE84028FC02AAC07 /* Frameworks */,
				034768DFFF38A50411DB9C8B /* Products */,
			);
			name = "facebook-ios-sdk";
			sourceTree = "<group>";
		};
		0867D69AFE84028FC02AAC07 /* Frameworks */ = {
			isa = PBXGroup;
			children = (
				AACBBE490F95108600F1A2B1 /* Foundation.framework */,
			);
			name = Frameworks;
			sourceTree = "<group>";
		};
		BB9250FE14CD959C00D95101 /* SBJson */ = {
			isa = PBXGroup;
			children = (
				4CBE934314CF29A100BF443D /* JSON.h */,
				4CBE934414CF29A100BF443D /* NSObject+SBJSON.h */,
				4CBE934514CF29A100BF443D /* NSObject+SBJSON.m */,
				4CBE934614CF29A100BF443D /* NSString+SBJSON.h */,
				4CBE934714CF29A100BF443D /* NSString+SBJSON.m */,
				4CBE934814CF29A100BF443D /* SBJSON.h */,
				4CBE934914CF29A100BF443D /* SBJSON.m */,
				4CBE934A14CF29A100BF443D /* SBJsonBase.h */,
				4CBE934B14CF29A100BF443D /* SBJsonBase.m */,
				4CBE934C14CF29A100BF443D /* SBJsonParser.h */,
				4CBE934D14CF29A100BF443D /* SBJsonParser.m */,
				4CBE934E14CF29A100BF443D /* SBJsonWriter.h */,
				4CBE934F14CF29A100BF443D /* SBJsonWriter.m */,
			);
			path = SBJson;
			sourceTree = "<group>";
		};
		BBF0278D14D2F56100E67053 /* Facebook */ = {
			isa = PBXGroup;
			children = (
				BBF0279014D2F56100E67053 /* Facebook.h */,
				BBF0279114D2F56100E67053 /* Facebook.m */,
				BBF0279714D2F5CB00E67053 /* FBConnect.h */,
				BBF0279814D2F5CB00E67053 /* FBDialog.bundle */,
				BBF0279914D2F5CB00E67053 /* FBDialog.h */,
				BBF0279A14D2F5CB00E67053 /* FBDialog.m */,
				BBF0279B14D2F5CB00E67053 /* FBLoginDialog.h */,
				BBF0279C14D2F5CB00E67053 /* FBLoginDialog.m */,
				BBF0279D14D2F5CB00E67053 /* FBRequest.h */,
				BBF0279E14D2F5CB00E67053 /* FBRequest.m */,
			);
			path = Facebook;
			sourceTree = "<group>";
		};
/* End PBXGroup section */

/* Begin PBXHeadersBuildPhase section */
		BB9250FA14CD959C00D95101 /* Headers */ = {
			isa = PBXHeadersBuildPhase;
			buildActionMask = 2147483647;
			files = (
				4CBE935014CF29A100BF443D /* JSON.h in Headers */,
				4CBE935114CF29A100BF443D /* NSObject+SBJSON.h in Headers */,
				4CBE935314CF29A100BF443D /* NSString+SBJSON.h in Headers */,
				4CBE935514CF29A100BF443D /* SBJSON.h in Headers */,
				4CBE935714CF29A100BF443D /* SBJsonBase.h in Headers */,
				4CBE935914CF29A100BF443D /* SBJsonParser.h in Headers */,
				4CBE935B14CF29A100BF443D /* SBJsonWriter.h in Headers */,
			);
			runOnlyForDeploymentPostprocessing = 0;
		};
		BBF0278914D2F56100E67053 /* Headers */ = {
			isa = PBXHeadersBuildPhase;
			buildActionMask = 2147483647;
			files = (
				BBF0279F14D2F5CB00E67053 /* FBConnect.h in Headers */,
				BBF027AE14D2F88D00E67053 /* Facebook.h in Headers */,
				BBF027A014D2F5CB00E67053 /* FBDialog.h in Headers */,
				BBF027A214D2F5CB00E67053 /* FBLoginDialog.h in Headers */,
				BBF027A414D2F5CB00E67053 /* FBRequest.h in Headers */,
			);
			runOnlyForDeploymentPostprocessing = 0;
		};
/* End PBXHeadersBuildPhase section */

/* Begin PBXNativeTarget section */
		BB9250FB14CD959C00D95101 /* SBJson */ = {
			isa = PBXNativeTarget;
			buildConfigurationList = BB92510414CD959C00D95101 /* Build configuration list for PBXNativeTarget "SBJson" */;
			buildPhases = (
				BB9250F814CD959C00D95101 /* Sources */,
				BB9250F914CD959C00D95101 /* Frameworks */,
				BB9250FA14CD959C00D95101 /* Headers */,
			);
			buildRules = (
			);
			dependencies = (
			);
			name = SBJson;
			productName = SBJson;
			productReference = BB9250FC14CD959C00D95101 /* libSBJson.a */;
			productType = "com.apple.product-type.library.static";
		};
		BBF0278A14D2F56100E67053 /* Facebook */ = {
			isa = PBXNativeTarget;
			buildConfigurationList = BBF0279514D2F56100E67053 /* Build configuration list for PBXNativeTarget "Facebook" */;
			buildPhases = (
				BBF0278714D2F56100E67053 /* Sources */,
				BBF0278814D2F56100E67053 /* Frameworks */,
				BBF0278914D2F56100E67053 /* Headers */,
				BBF0286714D3055000E67053 /* ShellScript */,
			);
			buildRules = (
			);
			dependencies = (
				BBF027A714D2F5EB00E67053 /* PBXTargetDependency */,
			);
			name = Facebook;
			productName = Facebook;
			productReference = BBF0278B14D2F56100E67053 /* libFacebook.a */;
			productType = "com.apple.product-type.library.static";
		};
/* End PBXNativeTarget section */

/* Begin PBXProject section */
		0867D690FE84028FC02AAC07 /* Project object */ = {
			isa = PBXProject;
			attributes = {
				LastUpgradeCheck = 0420;
			};
			buildConfigurationList = 1DEB922208733DC00010E9CD /* Build configuration list for PBXProject "Facebook" */;
			compatibilityVersion = "Xcode 3.2";
			developmentRegion = English;
			hasScannedForEncodings = 1;
			knownRegions = (
				en,
			);
			mainGroup = 0867D691FE84028FC02AAC07 /* facebook-ios-sdk */;
			productRefGroup = 034768DFFF38A50411DB9C8B /* Products */;
			projectDirPath = "";
			projectRoot = "";
			targets = (
				BBF0278A14D2F56100E67053 /* Facebook */,
				BB9250FB14CD959C00D95101 /* SBJson */,
			);
		};
/* End PBXProject section */

/* Begin PBXShellScriptBuildPhase section */
		BBF0286714D3055000E67053 /* ShellScript */ = {
			isa = PBXShellScriptBuildPhase;
			buildActionMask = 2147483647;
			files = (
			);
			inputPaths = (
			);
			outputPaths = (
			);
			runOnlyForDeploymentPostprocessing = 0;
			shellPath = "/bin/sh Scripts/CopyHeadersToLegacyBuildDir.command";
			shellScript = "";
		};
/* End PBXShellScriptBuildPhase section */

/* Begin PBXSourcesBuildPhase section */
		BB9250F814CD959C00D95101 /* Sources */ = {
			isa = PBXSourcesBuildPhase;
			buildActionMask = 2147483647;
			files = (
				4CBE935214CF29A100BF443D /* NSObject+SBJSON.m in Sources */,
				4CBE935414CF29A100BF443D /* NSString+SBJSON.m in Sources */,
				4CBE935614CF29A100BF443D /* SBJSON.m in Sources */,
				4CBE935814CF29A100BF443D /* SBJsonBase.m in Sources */,
				4CBE935A14CF29A100BF443D /* SBJsonParser.m in Sources */,
				4CBE935C14CF29A100BF443D /* SBJsonWriter.m in Sources */,
			);
			runOnlyForDeploymentPostprocessing = 0;
		};
		BBF0278714D2F56100E67053 /* Sources */ = {
			isa = PBXSourcesBuildPhase;
			buildActionMask = 2147483647;
			files = (
				BBF0279214D2F56100E67053 /* Facebook.m in Sources */,
				BBF027A114D2F5CB00E67053 /* FBDialog.m in Sources */,
				BBF027A314D2F5CB00E67053 /* FBLoginDialog.m in Sources */,
				BBF027A514D2F5CB00E67053 /* FBRequest.m in Sources */,
			);
			runOnlyForDeploymentPostprocessing = 0;
		};
/* End PBXSourcesBuildPhase section */

/* Begin PBXTargetDependency section */
		BBF027A714D2F5EB00E67053 /* PBXTargetDependency */ = {
			isa = PBXTargetDependency;
			target = BB9250FB14CD959C00D95101 /* SBJson */;
			targetProxy = BBF027A614D2F5EB00E67053 /* PBXContainerItemProxy */;
		};
/* End PBXTargetDependency section */

/* Begin XCBuildConfiguration section */
		1DEB922308733DC00010E9CD /* Debug */ = {
			isa = XCBuildConfiguration;
			buildSettings = {
				ARCHS = "$(ARCHS_STANDARD_32_BIT)";
				GCC_C_LANGUAGE_STANDARD = c99;
				GCC_OPTIMIZATION_LEVEL = 0;
				GCC_WARN_ABOUT_RETURN_TYPE = YES;
				GCC_WARN_UNUSED_VARIABLE = YES;
				OTHER_LDFLAGS = "-ObjC";
				SDKROOT = iphoneos;
			};
			name = Debug;
		};
		1DEB922408733DC00010E9CD /* Release */ = {
			isa = XCBuildConfiguration;
			buildSettings = {
				ARCHS = "$(ARCHS_STANDARD_32_BIT)";
				GCC_C_LANGUAGE_STANDARD = c99;
				GCC_WARN_ABOUT_RETURN_TYPE = YES;
				GCC_WARN_UNUSED_VARIABLE = YES;
				OTHER_LDFLAGS = "-ObjC";
				SDKROOT = iphoneos;
			};
			name = Release;
		};
		BB92510514CD959C00D95101 /* Debug */ = {
			isa = XCBuildConfiguration;
			buildSettings = {
				ALWAYS_SEARCH_USER_PATHS = NO;
				COPY_PHASE_STRIP = NO;
				DSTROOT = /tmp/SBJson.dst;
				GCC_C_LANGUAGE_STANDARD = gnu99;
				GCC_DYNAMIC_NO_PIC = NO;
				GCC_PRECOMPILE_PREFIX_HEADER = YES;
				GCC_PREFIX_HEADER = "";
				GCC_PREPROCESSOR_DEFINITIONS = (
					"DEBUG=1",
					"$(inherited)",
				);
				GCC_SYMBOLS_PRIVATE_EXTERN = NO;
				GCC_VERSION = com.apple.compilers.llvm.clang.1_0;
				GCC_WARN_ABOUT_MISSING_PROTOTYPES = YES;
				IPHONEOS_DEPLOYMENT_TARGET = 5.0;
				OTHER_LDFLAGS = "-ObjC";
				PRODUCT_NAME = "$(TARGET_NAME)";
				PUBLIC_HEADERS_FOLDER_PATH = "include/$(TARGET_NAME)";
				SKIP_INSTALL = YES;
			};
			name = Debug;
		};
		BB92510614CD959C00D95101 /* Release */ = {
			isa = XCBuildConfiguration;
			buildSettings = {
				ALWAYS_SEARCH_USER_PATHS = NO;
				COPY_PHASE_STRIP = YES;
				DSTROOT = /tmp/SBJson.dst;
				GCC_C_LANGUAGE_STANDARD = gnu99;
				GCC_PRECOMPILE_PREFIX_HEADER = YES;
				GCC_PREFIX_HEADER = "";
				GCC_VERSION = com.apple.compilers.llvm.clang.1_0;
				GCC_WARN_ABOUT_MISSING_PROTOTYPES = YES;
				IPHONEOS_DEPLOYMENT_TARGET = 5.0;
				OTHER_LDFLAGS = "-ObjC";
				PRODUCT_NAME = "$(TARGET_NAME)";
				PUBLIC_HEADERS_FOLDER_PATH = "include/$(TARGET_NAME)";
				SKIP_INSTALL = YES;
				VALIDATE_PRODUCT = YES;
			};
			name = Release;
		};
		BBF0279314D2F56100E67053 /* Debug */ = {
			isa = XCBuildConfiguration;
			buildSettings = {
				ALWAYS_SEARCH_USER_PATHS = NO;
				COPY_PHASE_STRIP = NO;
				DSTROOT = /tmp/Facebook.dst;
				GCC_C_LANGUAGE_STANDARD = gnu99;
				GCC_DYNAMIC_NO_PIC = NO;
				GCC_PRECOMPILE_PREFIX_HEADER = YES;
				GCC_PREFIX_HEADER = "";
				GCC_PREPROCESSOR_DEFINITIONS = (
					"DEBUG=1",
					"$(inherited)",
				);
				GCC_SYMBOLS_PRIVATE_EXTERN = NO;
				GCC_VERSION = com.apple.compilers.llvm.clang.1_0;
				GCC_WARN_ABOUT_MISSING_PROTOTYPES = YES;
				IPHONEOS_DEPLOYMENT_TARGET = 5.0;
				OTHER_LDFLAGS = "-ObjC";
				PRODUCT_NAME = "$(TARGET_NAME)";
				PUBLIC_HEADERS_FOLDER_PATH = "include/$(TARGET_NAME)";
				SKIP_INSTALL = YES;
			};
			name = Debug;
		};
		BBF0279414D2F56100E67053 /* Release */ = {
			isa = XCBuildConfiguration;
			buildSettings = {
				ALWAYS_SEARCH_USER_PATHS = NO;
				COPY_PHASE_STRIP = YES;
				DSTROOT = /tmp/Facebook.dst;
				GCC_C_LANGUAGE_STANDARD = gnu99;
				GCC_PRECOMPILE_PREFIX_HEADER = YES;
				GCC_PREFIX_HEADER = "";
				GCC_VERSION = com.apple.compilers.llvm.clang.1_0;
				GCC_WARN_ABOUT_MISSING_PROTOTYPES = YES;
				IPHONEOS_DEPLOYMENT_TARGET = 5.0;
				OTHER_LDFLAGS = "-ObjC";
				PRODUCT_NAME = "$(TARGET_NAME)";
				PUBLIC_HEADERS_FOLDER_PATH = "include/$(TARGET_NAME)";
				SKIP_INSTALL = YES;
				VALIDATE_PRODUCT = YES;
			};
			name = Release;
		};
/* End XCBuildConfiguration section */

/* Begin XCConfigurationList section */
		1DEB922208733DC00010E9CD /* Build configuration list for PBXProject "Facebook" */ = {
			isa = XCConfigurationList;
			buildConfigurations = (
				1DEB922308733DC00010E9CD /* Debug */,
				1DEB922408733DC00010E9CD /* Release */,
			);
			defaultConfigurationIsVisible = 0;
			defaultConfigurationName = Release;
		};
		BB92510414CD959C00D95101 /* Build configuration list for PBXNativeTarget "SBJson" */ = {
			isa = XCConfigurationList;
			buildConfigurations = (
				BB92510514CD959C00D95101 /* Debug */,
				BB92510614CD959C00D95101 /* Release */,
			);
			defaultConfigurationIsVisible = 0;
			defaultConfigurationName = Release;
		};
		BBF0279514D2F56100E67053 /* Build configuration list for PBXNativeTarget "Facebook" */ = {
			isa = XCConfigurationList;
			buildConfigurations = (
				BBF0279314D2F56100E67053 /* Debug */,
				BBF0279414D2F56100E67053 /* Release */,
			);
			defaultConfigurationIsVisible = 0;
		};
/* End XCConfigurationList section */
	};
	rootObject = 0867D690FE84028FC02AAC07 /* Project object */;
}
